
Microsoft Visual Studio Solution File, Format Version 12.00
# Visual Studio Version 17
VisualStudioVersion = 17.8.34408.163
MinimumVisualStudioVersion = 10.0.40219.1
Project("{FAE04EC0-301F-11D3-BF4B-00C04F79EFBC}") = "ConsoleApp9", "ConsoleApp9\ConsoleApp9.csproj", "{A353E951-EE30-4247-9066-27A32F2182D8}"
EndProject
Global
	GlobalSection(SolutionConfigurationPlatforms) = preSolution
		Debug|Any CPU = Debug|Any CPU
		Release|Any CPU = Release|Any CPU
	EndGlobalSection
	GlobalSection(ProjectConfigurationPlatforms) = postSolution
		{A353E951-EE30-4247-9066-27A32F2182D8}.Debug|Any CPU.ActiveCfg = Debug|Any CPU
		{A353E951-EE30-4247-9066-27A32F2182D8}.Debug|Any CPU.Build.0 = Debug|Any CPU
		{A353E951-EE30-4247-9066-27A32F2182D8}.Release|Any CPU.ActiveCfg = Release|Any CPU
		{A353E951-EE30-4247-9066-27A32F2182D8}.Release|Any CPU.Build.0 = Release|Any CPU
	EndGlobalSection
	GlobalSection(SolutionProperties) = preSolution
		HideSolutionNode = FALSE
	EndGlobalSection
	GlobalSection(ExtensibilityGlobals) = postSolution
		SolutionGuid = {C571844C-4C9E-4D74-9915-6DAC1CA93EA7}
	EndGlobalSection
EndGlobal
